
Microsoft Visual Studio Solution File, Format Version 12.00
# Visual Studio Version 17
VisualStudioVersion = 17.11.35312.102
MinimumVisualStudioVersion = 10.0.40219.1
Project("{FAE04EC0-301F-11D3-BF4B-00C04F79EFBC}") = "tp c#", "tp c#\tp c#.csproj", "{B009AE96-E653-4147-AA4A-0F53997EAA99}"
EndProject
Global
	GlobalSection(SolutionConfigurationPlatforms) = preSolution
		Debug|Any CPU = Debug|Any CPU
		Release|Any CPU = Release|Any CPU
	EndGlobalSection
	GlobalSection(ProjectConfigurationPlatforms) = postSolution
		{B009AE96-E653-4147-AA4A-0F53997EAA99}.Debug|Any CPU.ActiveCfg = Debug|Any CPU
		{B009AE96-E653-4147-AA4A-0F53997EAA99}.Debug|Any CPU.Build.0 = Debug|Any CPU
		{B009AE96-E653-4147-AA4A-0F53997EAA99}.Release|Any CPU.ActiveCfg = Release|Any CPU
		{B009AE96-E653-4147-AA4A-0F53997EAA99}.Release|Any CPU.Build.0 = Release|Any CPU
	EndGlobalSection
	GlobalSection(SolutionProperties) = preSolution
		HideSolutionNode = FALSE
	EndGlobalSection
	GlobalSection(ExtensibilityGlobals) = postSolution
		SolutionGuid = {A57BFED3-6A98-4A81-9F58-2B85A7E1457C}
	EndGlobalSection
EndGlobal
