
Microsoft Visual Studio Solution File, Format Version 12.00
# Visual Studio Version 17
VisualStudioVersion = 17.11.35312.102
MinimumVisualStudioVersion = 10.0.40219.1
Project("{FAE04EC0-301F-11D3-BF4B-00C04F79EFBC}") = "Ex2_TP2", "Ex2_TP2\Ex2_TP2.csproj", "{46D64961-677A-49BD-B7B3-17DB269D8D89}"
EndProject
Global
	GlobalSection(SolutionConfigurationPlatforms) = preSolution
		Debug|Any CPU = Debug|Any CPU
		Release|Any CPU = Release|Any CPU
	EndGlobalSection
	GlobalSection(ProjectConfigurationPlatforms) = postSolution
		{46D64961-677A-49BD-B7B3-17DB269D8D89}.Debug|Any CPU.ActiveCfg = Debug|Any CPU
		{46D64961-677A-49BD-B7B3-17DB269D8D89}.Debug|Any CPU.Build.0 = Debug|Any CPU
		{46D64961-677A-49BD-B7B3-17DB269D8D89}.Release|Any CPU.ActiveCfg = Release|Any CPU
		{46D64961-677A-49BD-B7B3-17DB269D8D89}.Release|Any CPU.Build.0 = Release|Any CPU
	EndGlobalSection
	GlobalSection(SolutionProperties) = preSolution
		HideSolutionNode = FALSE
	EndGlobalSection
	GlobalSection(ExtensibilityGlobals) = postSolution
		SolutionGuid = {F8032BF0-6758-4DEC-A0FB-4DA46C29D0E1}
	EndGlobalSection
EndGlobal
